
Microsoft Visual Studio Solution File, Format Version 11.00
# Visual Studio 2010
Project("{8BC9CEB8-8B4A-11D0-8D11-00A0C91BC942}") = "MyStopWatch", "MyStopWatch\MyStopWatch.vcxproj", "{38D7E46B-E270-496B-8A0A-12A5C7EA87C7}"
EndProject
Global
	GlobalSection(SolutionConfigurationPlatforms) = preSolution
		Debug|Win32 = Debug|Win32
		Release|Win32 = Release|Win32
	EndGlobalSection
	GlobalSection(ProjectConfigurationPlatforms) = postSolution
		{38D7E46B-E270-496B-8A0A-12A5C7EA87C7}.Debug|Win32.ActiveCfg = Debug|Win32
		{38D7E46B-E270-496B-8A0A-12A5C7EA87C7}.Debug|Win32.Build.0 = Debug|Win32
		{38D7E46B-E270-496B-8A0A-12A5C7EA87C7}.Release|Win32.ActiveCfg = Release|Win32
		{38D7E46B-E270-496B-8A0A-12A5C7EA87C7}.Release|Win32.Build.0 = Release|Win32
	EndGlobalSection
	GlobalSection(SolutionProperties) = preSolution
		HideSolutionNode = FALSE
	EndGlobalSection
EndGlobal
